
Microsoft Visual Studio Solution File, Format Version 12.00
# Visual Studio Version 17
VisualStudioVersion = 17.1.32421.90
MinimumVisualStudioVersion = 10.0.40219.1
Project("{FAE04EC0-301F-11D3-BF4B-00C04F79EFBC}") = "csharp-db-connection", "csharp-db-connection.csproj", "{80E44067-C008-4654-A709-D52F29070633}"
EndProject
Global
	GlobalSection(SolutionConfigurationPlatforms) = preSolution
		Debug|Any CPU = Debug|Any CPU
		Release|Any CPU = Release|Any CPU
	EndGlobalSection
	GlobalSection(ProjectConfigurationPlatforms) = postSolution
		{80E44067-C008-4654-A709-D52F29070633}.Debug|Any CPU.ActiveCfg = Debug|Any CPU
		{80E44067-C008-4654-A709-D52F29070633}.Debug|Any CPU.Build.0 = Debug|Any CPU
		{80E44067-C008-4654-A709-D52F29070633}.Release|Any CPU.ActiveCfg = Release|Any CPU
		{80E44067-C008-4654-A709-D52F29070633}.Release|Any CPU.Build.0 = Release|Any CPU
	EndGlobalSection
	GlobalSection(SolutionProperties) = preSolution
		HideSolutionNode = FALSE
	EndGlobalSection
	GlobalSection(ExtensibilityGlobals) = postSolution
		SolutionGuid = {FA99B78F-111E-434D-9ED9-CFF3C629C695}
	EndGlobalSection
EndGlobal
